// !$*UTF8*$!
{
	archiveVersion = 1;
	classes = {
	};
	objectVersion = 55;
	objects = {

/* Begin PBXBuildFile section */
		4D03F1C62744859500B0397D /* PersonUpdate.swift in Sources */ = {isa = PBXBuildFile; fileRef = 4D03F1C52744859500B0397D /* PersonUpdate.swift */; };
		4D19292A273BE60E0056653B /* SwiftUI_GiftTrack.swift in Sources */ = {isa = PBXBuildFile; fileRef = 4D192929273BE60E0056653B /* SwiftUI_GiftTrack.swift */; };
		4D19292C273BE60E0056653B /* MainView.swift in Sources */ = {isa = PBXBuildFile; fileRef = 4D19292B273BE60E0056653B /* MainView.swift */; };
		4D19292E273BE60F0056653B /* Assets.xcassets in Resources */ = {isa = PBXBuildFile; fileRef = 4D19292D273BE60F0056653B /* Assets.xcassets */; };
		4D192931273BE60F0056653B /* Preview Assets.xcassets in Resources */ = {isa = PBXBuildFile; fileRef = 4D192930273BE60F0056653B /* Preview Assets.xcassets */; };
		4D192938273BE6BC0056653B /* AboutView.swift in Sources */ = {isa = PBXBuildFile; fileRef = 4D192937273BE6BC0056653B /* AboutView.swift */; };
		4D19293A273BE70C0056653B /* PeopleView.swift in Sources */ = {isa = PBXBuildFile; fileRef = 4D192939273BE70C0056653B /* PeopleView.swift */; };
		4D19293C273BE72C0056653B /* OccasionsView.swift in Sources */ = {isa = PBXBuildFile; fileRef = 4D19293B273BE72C0056653B /* OccasionsView.swift */; };
		4D19293E273BE7390056653B /* GiftsView.swift in Sources */ = {isa = PBXBuildFile; fileRef = 4D19293D273BE7390056653B /* GiftsView.swift */; };
		4D192942273C09B20056653B /* MyText.swift in Sources */ = {isa = PBXBuildFile; fileRef = 4D192941273C09B20056653B /* MyText.swift */; };
		4D192944273C0B6F0056653B /* Page.swift in Sources */ = {isa = PBXBuildFile; fileRef = 4D192943273C0B6F0056653B /* Page.swift */; };
		4D192946273C0F1F0056653B /* SFSymbol.swift in Sources */ = {isa = PBXBuildFile; fileRef = 4D192945273C0F1F0056653B /* SFSymbol.swift */; };
		4D192948273C196F0056653B /* Color.swift in Sources */ = {isa = PBXBuildFile; fileRef = 4D192947273C196F0056653B /* Color.swift */; };
		4D336716274983C500D52F01 /* OccasionAdd.swift in Sources */ = {isa = PBXBuildFile; fileRef = 4D336715274983C500D52F01 /* OccasionAdd.swift */; };
		4D336718274983D100D52F01 /* OccasionUpdate.swift in Sources */ = {isa = PBXBuildFile; fileRef = 4D336717274983D100D52F01 /* OccasionUpdate.swift */; };
		4D90AA4727496AA10056FF3B /* PersistenceController.swift in Sources */ = {isa = PBXBuildFile; fileRef = 4D90AA4627496AA10056FF3B /* PersistenceController.swift */; };
		4DF89BDA27432C13007C703E /* Model.xcdatamodeld in Sources */ = {isa = PBXBuildFile; fileRef = 4DF89BD827432C13007C703E /* Model.xcdatamodeld */; };
		4DF89BDC2743F27F007C703E /* PersonAdd.swift in Sources */ = {isa = PBXBuildFile; fileRef = 4DF89BDB2743F27F007C703E /* PersonAdd.swift */; };
/* End PBXBuildFile section */

/* Begin PBXFileReference section */
		4D03F1C52744859500B0397D /* PersonUpdate.swift */ = {isa = PBXFileReference; lastKnownFileType = sourcecode.swift; path = PersonUpdate.swift; sourceTree = "<group>"; };
		4D192926273BE60E0056653B /* SwiftUI-GiftTrack.app */ = {isa = PBXFileReference; explicitFileType = wrapper.application; includeInIndex = 0; path = "SwiftUI-GiftTrack.app"; sourceTree = BUILT_PRODUCTS_DIR; };
		4D192929273BE60E0056653B /* SwiftUI_GiftTrack.swift */ = {isa = PBXFileReference; lastKnownFileType = sourcecode.swift; path = SwiftUI_GiftTrack.swift; sourceTree = "<group>"; };
		4D19292B273BE60E0056653B /* MainView.swift */ = {isa = PBXFileReference; lastKnownFileType = sourcecode.swift; path = MainView.swift; sourceTree = "<group>"; };
		4D19292D273BE60F0056653B /* Assets.xcassets */ = {isa = PBXFileReference; lastKnownFileType = folder.assetcatalog; path = Assets.xcassets; sourceTree = "<group>"; };
		4D192930273BE60F0056653B /* Preview Assets.xcassets */ = {isa = PBXFileReference; lastKnownFileType = folder.assetcatalog; path = "Preview Assets.xcassets"; sourceTree = "<group>"; };
		4D192937273BE6BC0056653B /* AboutView.swift */ = {isa = PBXFileReference; lastKnownFileType = sourcecode.swift; path = AboutView.swift; sourceTree = "<group>"; };
		4D192939273BE70C0056653B /* PeopleView.swift */ = {isa = PBXFileReference; fileEncoding = 4; lastKnownFileType = sourcecode.swift; path = PeopleView.swift; sourceTree = "<group>"; };
		4D19293B273BE72C0056653B /* OccasionsView.swift */ = {isa = PBXFileReference; fileEncoding = 4; lastKnownFileType = sourcecode.swift; path = OccasionsView.swift; sourceTree = "<group>"; };
		4D19293D273BE7390056653B /* GiftsView.swift */ = {isa = PBXFileReference; fileEncoding = 4; lastKnownFileType = sourcecode.swift; path = GiftsView.swift; sourceTree = "<group>"; };
		4D192941273C09B20056653B /* MyText.swift */ = {isa = PBXFileReference; lastKnownFileType = sourcecode.swift; path = MyText.swift; sourceTree = "<group>"; };
		4D192943273C0B6F0056653B /* Page.swift */ = {isa = PBXFileReference; lastKnownFileType = sourcecode.swift; path = Page.swift; sourceTree = "<group>"; };
		4D192945273C0F1F0056653B /* SFSymbol.swift */ = {isa = PBXFileReference; lastKnownFileType = sourcecode.swift; path = SFSymbol.swift; sourceTree = "<group>"; };
		4D192947273C196F0056653B /* Color.swift */ = {isa = PBXFileReference; lastKnownFileType = sourcecode.swift; path = Color.swift; sourceTree = "<group>"; };
		4D336715274983C500D52F01 /* OccasionAdd.swift */ = {isa = PBXFileReference; fileEncoding = 4; lastKnownFileType = sourcecode.swift; path = OccasionAdd.swift; sourceTree = "<group>"; };
		4D336717274983D100D52F01 /* OccasionUpdate.swift */ = {isa = PBXFileReference; fileEncoding = 4; lastKnownFileType = sourcecode.swift; path = OccasionUpdate.swift; sourceTree = "<group>"; };
		4D90AA4627496AA10056FF3B /* PersistenceController.swift */ = {isa = PBXFileReference; lastKnownFileType = sourcecode.swift; path = PersistenceController.swift; sourceTree = "<group>"; };
		4DF89BD927432C13007C703E /* Model.xcdatamodel */ = {isa = PBXFileReference; lastKnownFileType = wrapper.xcdatamodel; path = Model.xcdatamodel; sourceTree = "<group>"; };
		4DF89BDB2743F27F007C703E /* PersonAdd.swift */ = {isa = PBXFileReference; lastKnownFileType = sourcecode.swift; path = PersonAdd.swift; sourceTree = "<group>"; };
/* End PBXFileReference section */

/* Begin PBXFrameworksBuildPhase section */
		4D192923273BE60E0056653B /* Frameworks */ = {
			isa = PBXFrameworksBuildPhase;
			buildActionMask = 2147483647;
			files = (
			);
			runOnlyForDeploymentPostprocessing = 0;
		};
/* End PBXFrameworksBuildPhase section */

/* Begin PBXGroup section */
		4D19291D273BE60E0056653B = {
			isa = PBXGroup;
			children = (
				4D192928273BE60E0056653B /* SwiftUI-GiftTrack */,
				4D192927273BE60E0056653B /* Products */,
			);
			sourceTree = "<group>";
		};
		4D192927273BE60E0056653B /* Products */ = {
			isa = PBXGroup;
			children = (
				4D192926273BE60E0056653B /* SwiftUI-GiftTrack.app */,
			);
			name = Products;
			sourceTree = "<group>";
		};
		4D192928273BE60E0056653B /* SwiftUI-GiftTrack */ = {
			isa = PBXGroup;
			children = (
				4D192937273BE6BC0056653B /* AboutView.swift */,
				4D192943273C0B6F0056653B /* Page.swift */,
				4D192941273C09B20056653B /* MyText.swift */,
				4D19292B273BE60E0056653B /* MainView.swift */,
				4D19293D273BE7390056653B /* GiftsView.swift */,
				4D192945273C0F1F0056653B /* SFSymbol.swift */,
				4D19293B273BE72C0056653B /* OccasionsView.swift */,
				4D192939273BE70C0056653B /* PeopleView.swift */,
				4D90AA4627496AA10056FF3B /* PersistenceController.swift */,
				4DF89BDB2743F27F007C703E /* PersonAdd.swift */,
				4D336715274983C500D52F01 /* OccasionAdd.swift */,
				4D03F1C52744859500B0397D /* PersonUpdate.swift */,
				4D336717274983D100D52F01 /* OccasionUpdate.swift */,
				4D192929273BE60E0056653B /* SwiftUI_GiftTrack.swift */,
				4DF89BD827432C13007C703E /* Model.xcdatamodeld */,
				4D192947273C196F0056653B /* Color.swift */,
				4D19292D273BE60F0056653B /* Assets.xcassets */,
				4D19292F273BE60F0056653B /* Preview Content */,
			);
			path = "SwiftUI-GiftTrack";
			sourceTree = "<group>";
		};
		4D19292F273BE60F0056653B /* Preview Content */ = {
			isa = PBXGroup;
			children = (
				4D192930273BE60F0056653B /* Preview Assets.xcassets */,
			);
			path = "Preview Content";
			sourceTree = "<group>";
		};
/* End PBXGroup section */

/* Begin PBXNativeTarget section */
		4D192925273BE60E0056653B /* SwiftUI-GiftTrack */ = {
			isa = PBXNativeTarget;
			buildConfigurationList = 4D192934273BE60F0056653B /* Build configuration list for PBXNativeTarget "SwiftUI-GiftTrack" */;
			buildPhases = (
				4D192922273BE60E0056653B /* Sources */,
				4D192923273BE60E0056653B /* Frameworks */,
				4D192924273BE60E0056653B /* Resources */,
			);
			buildRules = (
			);
			dependencies = (
			);
			name = "SwiftUI-GiftTrack";
			packageProductDependencies = (
			);
			productName = "gift-track";
			productReference = 4D192926273BE60E0056653B /* SwiftUI-GiftTrack.app */;
			productType = "com.apple.product-type.application";
		};
/* End PBXNativeTarget section */

/* Begin PBXProject section */
		4D19291E273BE60E0056653B /* Project object */ = {
			isa = PBXProject;
			attributes = {
				BuildIndependentTargetsInParallel = 1;
				LastSwiftUpdateCheck = 1310;
				LastUpgradeCheck = 1310;
				TargetAttributes = {
					4D192925273BE60E0056653B = {
						CreatedOnToolsVersion = 13.1;
					};
				};
			};
			buildConfigurationList = 4D192921273BE60E0056653B /* Build configuration list for PBXProject "SwiftUI-GiftTrack" */;
			compatibilityVersion = "Xcode 13.0";
			developmentRegion = en;
			hasScannedForEncodings = 0;
			knownRegions = (
				en,
				Base,
			);
			mainGroup = 4D19291D273BE60E0056653B;
			packageReferences = (
			);
			productRefGroup = 4D192927273BE60E0056653B /* Products */;
			projectDirPath = "";
			projectRoot = "";
			targets = (
				4D192925273BE60E0056653B /* SwiftUI-GiftTrack */,
			);
		};
/* End PBXProject section */

/* Begin PBXResourcesBuildPhase section */
		4D192924273BE60E0056653B /* Resources */ = {
			isa = PBXResourcesBuildPhase;
			buildActionMask = 2147483647;
			files = (
				4D192931273BE60F0056653B /* Preview Assets.xcassets in Resources */,
				4D19292E273BE60F0056653B /* Assets.xcassets in Resources */,
			);
			runOnlyForDeploymentPostprocessing = 0;
		};
/* End PBXResourcesBuildPhase section */

/* Begin PBXSourcesBuildPhase section */
		4D192922273BE60E0056653B /* Sources */ = {
			isa = PBXSourcesBuildPhase;
			buildActionMask = 2147483647;
			files = (
				4D19292C273BE60E0056653B /* MainView.swift in Sources */,
				4D336718274983D100D52F01 /* OccasionUpdate.swift in Sources */,
				4D19293C273BE72C0056653B /* OccasionsView.swift in Sources */,
				4D192948273C196F0056653B /* Color.swift in Sources */,
				4D192946273C0F1F0056653B /* SFSymbol.swift in Sources */,
				4D192942273C09B20056653B /* MyText.swift in Sources */,
				4D192944273C0B6F0056653B /* Page.swift in Sources */,
				4D192938273BE6BC0056653B /* AboutView.swift in Sources */,
				4D19292A273BE60E0056653B /* SwiftUI_GiftTrack.swift in Sources */,
				4D19293E273BE7390056653B /* GiftsView.swift in Sources */,
				4DF89BDC2743F27F007C703E /* PersonAdd.swift in Sources */,
				4D90AA4727496AA10056FF3B /* PersistenceController.swift in Sources */,
				4D336716274983C500D52F01 /* OccasionAdd.swift in Sources */,
				4D19293A273BE70C0056653B /* PeopleView.swift in Sources */,
				4DF89BDA27432C13007C703E /* Model.xcdatamodeld in Sources */,
				4D03F1C62744859500B0397D /* PersonUpdate.swift in Sources */,
			);
			runOnlyForDeploymentPostprocessing = 0;
		};
/* End PBXSourcesBuildPhase section */

/* Begin XCBuildConfiguration section */
		4D192932273BE60F0056653B /* Debug */ = {
			isa = XCBuildConfiguration;
			buildSettings = {
				ALWAYS_SEARCH_USER_PATHS = NO;
				CLANG_ANALYZER_NONNULL = YES;
				CLANG_ANALYZER_NUMBER_OBJECT_CONVERSION = YES_AGGRESSIVE;
				CLANG_CXX_LANGUAGE_STANDARD = "gnu++17";
				CLANG_CXX_LIBRARY = "libc++";
				CLANG_ENABLE_MODULES = YES;
				CLANG_ENABLE_OBJC_ARC = YES;
				CLANG_ENABLE_OBJC_WEAK = YES;
				CLANG_WARN_BLOCK_CAPTURE_AUTORELEASING = YES;
				CLANG_WARN_BOOL_CONVERSION = YES;
				CLANG_WARN_COMMA = YES;
				CLANG_WARN_CONSTANT_CONVERSION = YES;
				CLANG_WARN_DEPRECATED_OBJC_IMPLEMENTATIONS = YES;
				CLANG_WARN_DIRECT_OBJC_ISA_USAGE = YES_ERROR;
				CLANG_WARN_DOCUMENTATION_COMMENTS = YES;
				CLANG_WARN_EMPTY_BODY = YES;
				CLANG_WARN_ENUM_CONVERSION = YES;
				CLANG_WARN_INFINITE_RECURSION = YES;
				CLANG_WARN_INT_CONVERSION = YES;
				CLANG_WARN_NON_LITERAL_NULL_CONVERSION = YES;
				CLANG_WARN_OBJC_IMPLICIT_RETAIN_SELF = YES;
				CLANG_WARN_OBJC_LITERAL_CONVERSION = YES;
				CLANG_WARN_OBJC_ROOT_CLASS = YES_ERROR;
				CLANG_WARN_QUOTED_INCLUDE_IN_FRAMEWORK_HEADER = YES;
				CLANG_WARN_RANGE_LOOP_ANALYSIS = YES;
				CLANG_WARN_STRICT_PROTOTYPES = YES;
				CLANG_WARN_SUSPICIOUS_MOVE = YES;
				CLANG_WARN_UNGUARDED_AVAILABILITY = YES_AGGRESSIVE;
				CLANG_WARN_UNREACHABLE_CODE = YES;
				CLANG_WARN__DUPLICATE_METHOD_MATCH = YES;
				COPY_PHASE_STRIP = NO;
				DEBUG_INFORMATION_FORMAT = dwarf;
				ENABLE_STRICT_OBJC_MSGSEND = YES;
				ENABLE_TESTABILITY = YES;
				GCC_C_LANGUAGE_STANDARD = gnu11;
				GCC_DYNAMIC_NO_PIC = NO;
				GCC_NO_COMMON_BLOCKS = YES;
				GCC_OPTIMIZATION_LEVEL = 0;
				GCC_PREPROCESSOR_DEFINITIONS = (
					"DEBUG=1",
					"$(inherited)",
				);
				GCC_WARN_64_TO_32_BIT_CONVERSION = YES;
				GCC_WARN_ABOUT_RETURN_TYPE = YES_ERROR;
				GCC_WARN_UNDECLARED_SELECTOR = YES;
				GCC_WARN_UNINITIALIZED_AUTOS = YES_AGGRESSIVE;
				GCC_WARN_UNUSED_FUNCTION = YES;
				GCC_WARN_UNUSED_VARIABLE = YES;
				IPHONEOS_DEPLOYMENT_TARGET = 15.0;
				MTL_ENABLE_DEBUG_INFO = INCLUDE_SOURCE;
				MTL_FAST_MATH = YES;
				ONLY_ACTIVE_ARCH = YES;
				SDKROOT = iphoneos;
				SWIFT_ACTIVE_COMPILATION_CONDITIONS = DEBUG;
				SWIFT_OPTIMIZATION_LEVEL = "-Onone";
			};
			name = Debug;
		};
		4D192933273BE60F0056653B /* Release */ = {
			isa = XCBuildConfiguration;
			buildSettings = {
				ALWAYS_SEARCH_USER_PATHS = NO;
				CLANG_ANALYZER_NONNULL = YES;
				CLANG_ANALYZER_NUMBER_OBJECT_CONVERSION = YES_AGGRESSIVE;
				CLANG_CXX_LANGUAGE_STANDARD = "gnu++17";
				CLANG_CXX_LIBRARY = "libc++";
				CLANG_ENABLE_MODULES = YES;
				CLANG_ENABLE_OBJC_ARC = YES;
				CLANG_ENABLE_OBJC_WEAK = YES;
				CLANG_WARN_BLOCK_CAPTURE_AUTORELEASING = YES;
				CLANG_WARN_BOOL_CONVERSION = YES;
				CLANG_WARN_COMMA = YES;
				CLANG_WARN_CONSTANT_CONVERSION = YES;
				CLANG_WARN_DEPRECATED_OBJC_IMPLEMENTATIONS = YES;
				CLANG_WARN_DIRECT_OBJC_ISA_USAGE = YES_ERROR;
				CLANG_WARN_DOCUMENTATION_COMMENTS = YES;
				CLANG_WARN_EMPTY_BODY = YES;
				CLANG_WARN_ENUM_CONVERSION = YES;
				CLANG_WARN_INFINITE_RECURSION = YES;
				CLANG_WARN_INT_CONVERSION = YES;
				CLANG_WARN_NON_LITERAL_NULL_CONVERSION = YES;
				CLANG_WARN_OBJC_IMPLICIT_RETAIN_SELF = YES;
				CLANG_WARN_OBJC_LITERAL_CONVERSION = YES;
				CLANG_WARN_OBJC_ROOT_CLASS = YES_ERROR;
				CLANG_WARN_QUOTED_INCLUDE_IN_FRAMEWORK_HEADER = YES;
				CLANG_WARN_RANGE_LOOP_ANALYSIS = YES;
				CLANG_WARN_STRICT_PROTOTYPES = YES;
				CLANG_WARN_SUSPICIOUS_MOVE = YES;
				CLANG_WARN_UNGUARDED_AVAILABILITY = YES_AGGRESSIVE;
				CLANG_WARN_UNREACHABLE_CODE = YES;
				CLANG_WARN__DUPLICATE_METHOD_MATCH = YES;
				COPY_PHASE_STRIP = NO;
				DEBUG_INFORMATION_FORMAT = "dwarf-with-dsym";
				ENABLE_NS_ASSERTIONS = NO;
				ENABLE_STRICT_OBJC_MSGSEND = YES;
				GCC_C_LANGUAGE_STANDARD = gnu11;
				GCC_NO_COMMON_BLOCKS = YES;
				GCC_WARN_64_TO_32_BIT_CONVERSION = YES;
				GCC_WARN_ABOUT_RETURN_TYPE = YES_ERROR;
				GCC_WARN_UNDECLARED_SELECTOR = YES;
				GCC_WARN_UNINITIALIZED_AUTOS = YES_AGGRESSIVE;
				GCC_WARN_UNUSED_FUNCTION = YES;
				GCC_WARN_UNUSED_VARIABLE = YES;
				IPHONEOS_DEPLOYMENT_TARGET = 15.0;
				MTL_ENABLE_DEBUG_INFO = NO;
				MTL_FAST_MATH = YES;
				SDKROOT = iphoneos;
				SWIFT_COMPILATION_MODE = wholemodule;
				SWIFT_OPTIMIZATION_LEVEL = "-O";
				VALIDATE_PRODUCT = YES;
			};
			name = Release;
		};
		4D192935273BE60F0056653B /* Debug */ = {
			isa = XCBuildConfiguration;
			buildSettings = {
				ASSETCATALOG_COMPILER_APPICON_NAME = AppIcon;
				ASSETCATALOG_COMPILER_GLOBAL_ACCENT_COLOR_NAME = AccentColor;
				CODE_SIGN_STYLE = Automatic;
				CURRENT_PROJECT_VERSION = 1;
				DEVELOPMENT_ASSET_PATHS = "\"SwiftUI-GiftTrack/Preview Content\"";
				DEVELOPMENT_TEAM = P6LG6UCHTN;
				ENABLE_PREVIEWS = YES;
				GENERATE_INFOPLIST_FILE = YES;
				INFOPLIST_KEY_UIApplicationSceneManifest_Generation = YES;
				INFOPLIST_KEY_UIApplicationSupportsIndirectInputEvents = YES;
				INFOPLIST_KEY_UILaunchScreen_Generation = YES;
				INFOPLIST_KEY_UISupportedInterfaceOrientations_iPad = "UIInterfaceOrientationPortrait UIInterfaceOrientationPortraitUpsideDown UIInterfaceOrientationLandscapeLeft UIInterfaceOrientationLandscapeRight";
				INFOPLIST_KEY_UISupportedInterfaceOrientations_iPhone = "UIInterfaceOrientationPortrait UIInterfaceOrientationLandscapeLeft UIInterfaceOrientationLandscapeRight";
				LD_RUNPATH_SEARCH_PATHS = (
					"$(inherited)",
					"@executable_path/Frameworks",
				);
				MARKETING_VERSION = 1.0;
				PRODUCT_BUNDLE_IDENTIFIER = "r.mark.volkmann-gmail.com.gift-track";
				PRODUCT_NAME = "$(TARGET_NAME)";
				SWIFT_EMIT_LOC_STRINGS = YES;
				SWIFT_VERSION = 5.0;
				TARGETED_DEVICE_FAMILY = "1,2";
			};
			name = Debug;
		};
		4D192936273BE60F0056653B /* Release */ = {
			isa = XCBuildConfiguration;
			buildSettings = {
				ASSETCATALOG_COMPILER_APPICON_NAME = AppIcon;
				ASSETCATALOG_COMPILER_GLOBAL_ACCENT_COLOR_NAME = AccentColor;
				CODE_SIGN_STYLE = Automatic;
				CURRENT_PROJECT_VERSION = 1;
				DEVELOPMENT_ASSET_PATHS = "\"SwiftUI-GiftTrack/Preview Content\"";
				DEVELOPMENT_TEAM = P6LG6UCHTN;
				ENABLE_PREVIEWS = YES;
				GENERATE_INFOPLIST_FILE = YES;
				INFOPLIST_KEY_UIApplicationSceneManifest_Generation = YES;
				INFOPLIST_KEY_UIApplicationSupportsIndirectInputEvents = YES;
				INFOPLIST_KEY_UILaunchScreen_Generation = YES;
				INFOPLIST_KEY_UISupportedInterfaceOrientations_iPad = "UIInterfaceOrientationPortrait UIInterfaceOrientationPortraitUpsideDown UIInterfaceOrientationLandscapeLeft UIInterfaceOrientationLandscapeRight";
				INFOPLIST_KEY_UISupportedInterfaceOrientations_iPhone = "UIInterfaceOrientationPortrait UIInterfaceOrientationLandscapeLeft UIInterfaceOrientationLandscapeRight";
				LD_RUNPATH_SEARCH_PATHS = (
					"$(inherited)",
					"@executable_path/Frameworks",
				);
				MARKETING_VERSION = 1.0;
				PRODUCT_BUNDLE_IDENTIFIER = "r.mark.volkmann-gmail.com.gift-track";
				PRODUCT_NAME = "$(TARGET_NAME)";
				SWIFT_EMIT_LOC_STRINGS = YES;
				SWIFT_VERSION = 5.0;
				TARGETED_DEVICE_FAMILY = "1,2";
			};
			name = Release;
		};
/* End XCBuildConfiguration section */

/* Begin XCConfigurationList section */
		4D192921273BE60E0056653B /* Build configuration list for PBXProject "SwiftUI-GiftTrack" */ = {
			isa = XCConfigurationList;
			buildConfigurations = (
				4D192932273BE60F0056653B /* Debug */,
				4D192933273BE60F0056653B /* Release */,
			);
			defaultConfigurationIsVisible = 0;
			defaultConfigurationName = Release;
		};
		4D192934273BE60F0056653B /* Build configuration list for PBXNativeTarget "SwiftUI-GiftTrack" */ = {
			isa = XCConfigurationList;
			buildConfigurations = (
				4D192935273BE60F0056653B /* Debug */,
				4D192936273BE60F0056653B /* Release */,
			);
			defaultConfigurationIsVisible = 0;
			defaultConfigurationName = Release;
		};
/* End XCConfigurationList section */

/* Begin XCVersionGroup section */
		4DF89BD827432C13007C703E /* Model.xcdatamodeld */ = {
			isa = XCVersionGroup;
			children = (
				4DF89BD927432C13007C703E /* Model.xcdatamodel */,
			);
			currentVersion = 4DF89BD927432C13007C703E /* Model.xcdatamodel */;
			path = Model.xcdatamodeld;
			sourceTree = "<group>";
			versionGroupType = wrapper.xcdatamodel;
		};
/* End XCVersionGroup section */
	};
	rootObject = 4D19291E273BE60E0056653B /* Project object */;
}
